
Microsoft Visual Studio Solution File, Format Version 12.00
# Visual Studio 15
VisualStudioVersion = 15.0.27130.2010
MinimumVisualStudioVersion = 10.0.40219.1
Project("{8BC9CEB8-8B4A-11D0-8D11-00A0C91BC942}") = "BidirectionalMap", "BidirectionalMap\BidirectionalMap.vcxproj", "{725F4555-F891-4FAF-842D-46BC8F2E0DEB}"
EndProject
Project("{8BC9CEB8-8B4A-11D0-8D11-00A0C91BC942}") = "UnitTests", "UnitTests\UnitTests.vcxproj", "{C6BE5AA0-34FA-436A-994C-75415E5F20BF}"
EndProject
Project("{8BC9CEB8-8B4A-11D0-8D11-00A0C91BC942}") = "ConsoleApplication", "ConsoleApplication\ConsoleApplication.vcxproj", "{431BF19B-7A33-456F-8ABC-CD477B8C9C95}"
EndProject
Global
	GlobalSection(SolutionConfigurationPlatforms) = preSolution
		Debug|x64 = Debug|x64
		Debug|x86 = Debug|x86
		Release|x64 = Release|x64
		Release|x86 = Release|x86
	EndGlobalSection
	GlobalSection(ProjectConfigurationPlatforms) = postSolution
		{725F4555-F891-4FAF-842D-46BC8F2E0DEB}.Debug|x64.ActiveCfg = Debug|x64
		{725F4555-F891-4FAF-842D-46BC8F2E0DEB}.Debug|x64.Build.0 = Debug|x64
		{725F4555-F891-4FAF-842D-46BC8F2E0DEB}.Debug|x86.ActiveCfg = Debug|Win32
		{725F4555-F891-4FAF-842D-46BC8F2E0DEB}.Debug|x86.Build.0 = Debug|Win32
		{725F4555-F891-4FAF-842D-46BC8F2E0DEB}.Release|x64.ActiveCfg = Release|x64
		{725F4555-F891-4FAF-842D-46BC8F2E0DEB}.Release|x64.Build.0 = Release|x64
		{725F4555-F891-4FAF-842D-46BC8F2E0DEB}.Release|x86.ActiveCfg = Release|Win32
		{725F4555-F891-4FAF-842D-46BC8F2E0DEB}.Release|x86.Build.0 = Release|Win32
		{C6BE5AA0-34FA-436A-994C-75415E5F20BF}.Debug|x64.ActiveCfg = Debug|x64
		{C6BE5AA0-34FA-436A-994C-75415E5F20BF}.Debug|x64.Build.0 = Debug|x64
		{C6BE5AA0-34FA-436A-994C-75415E5F20BF}.Debug|x86.ActiveCfg = Debug|Win32
		{C6BE5AA0-34FA-436A-994C-75415E5F20BF}.Debug|x86.Build.0 = Debug|Win32
		{C6BE5AA0-34FA-436A-994C-75415E5F20BF}.Release|x64.ActiveCfg = Release|x64
		{C6BE5AA0-34FA-436A-994C-75415E5F20BF}.Release|x64.Build.0 = Release|x64
		{C6BE5AA0-34FA-436A-994C-75415E5F20BF}.Release|x86.ActiveCfg = Release|Win32
		{C6BE5AA0-34FA-436A-994C-75415E5F20BF}.Release|x86.Build.0 = Release|Win32
		{431BF19B-7A33-456F-8ABC-CD477B8C9C95}.Debug|x64.ActiveCfg = Debug|x64
		{431BF19B-7A33-456F-8ABC-CD477B8C9C95}.Debug|x64.Build.0 = Debug|x64
		{431BF19B-7A33-456F-8ABC-CD477B8C9C95}.Debug|x86.ActiveCfg = Debug|Win32
		{431BF19B-7A33-456F-8ABC-CD477B8C9C95}.Debug|x86.Build.0 = Debug|Win32
		{431BF19B-7A33-456F-8ABC-CD477B8C9C95}.Release|x64.ActiveCfg = Release|x64
		{431BF19B-7A33-456F-8ABC-CD477B8C9C95}.Release|x64.Build.0 = Release|x64
		{431BF19B-7A33-456F-8ABC-CD477B8C9C95}.Release|x86.ActiveCfg = Release|Win32
		{431BF19B-7A33-456F-8ABC-CD477B8C9C95}.Release|x86.Build.0 = Release|Win32
	EndGlobalSection
	GlobalSection(SolutionProperties) = preSolution
		HideSolutionNode = FALSE
	EndGlobalSection
	GlobalSection(ExtensibilityGlobals) = postSolution
		SolutionGuid = {E1A24040-7947-41C2-9C66-A5CB2792C953}
	EndGlobalSection
EndGlobal
